
{
	archiveVersion = 1;
	classes = {
	};
	objectVersion = 50;
	objects = {



/* Begin PBXFileReference section */
		6A37067F2686EEED00B494B2 /* LoginViewController.swift */ = {isa = PBXFileReference; lastKnownFileType = sourcecode.swift; path = LoginViewController.swift; sourceTree = "<group>"; };

		AF6D2418268A1BBB00103807 /* Constants.swift */ = {isa = PBXFileReference; lastKnownFileType = sourcecode.swift; path = Constants.swift; sourceTree = "<group>"; };
		AF6D241B268A328C00103807 /* CustomButtonForCollectionViewOptions.swift */ = {isa = PBXFileReference; lastKnownFileType = sourcecode.swift; path = CustomButtonForCollectionViewOptions.swift; sourceTree = "<group>"; };
		AF6D241E268A3C3800103807 /* NearYouViewController.swift */ = {isa = PBXFileReference; lastKnownFileType = sourcecode.swift; path = NearYouViewController.swift; sourceTree = "<group>"; };
		AF6D2421268A3C4900103807 /* PopularViewController.swift */ = {isa = PBXFileReference; lastKnownFileType = sourcecode.swift; path = PopularViewController.swift; sourceTree = "<group>"; };
		AF6D2424268A4B7300103807 /* NearYouTableViewCell.swift */ = {isa = PBXFileReference; lastKnownFileType = sourcecode.swift; path = NearYouTableViewCell.swift; sourceTree = "<group>"; };
		AF86E3832689911500FFE450 /* HomePageCollectionViewCell.swift */ = {isa = PBXFileReference; lastKnownFileType = sourcecode.swift; path = HomePageCollectionViewCell.swift; sourceTree = "<group>"; };
		AF86E3862689913400FFE450 /* HomePageCollectionViewController.swift */ = {isa = PBXFileReference; lastKnownFileType = sourcecode.swift; path = HomePageCollectionViewController.swift; sourceTree = "<group>"; };
		AF86E38A2689973700FFE450 /* HomePageViewController.swift */ = {isa = PBXFileReference; lastKnownFileType = sourcecode.swift; path = HomePageViewController.swift; sourceTree = "<group>"; };

		6A6864F9268A1702002CAAF4 /* UIViewController+Extension.swift */ = {isa = PBXFileReference; lastKnownFileType = sourcecode.swift; path = "UIViewController+Extension.swift"; sourceTree = "<group>"; };
		6A7165242689AD5F000038E5 /* SearchViewController.swift */ = {isa = PBXFileReference; lastKnownFileType = sourcecode.swift; path = SearchViewController.swift; sourceTree = "<group>"; };
		6A7165282689B1FD000038E5 /* CustomTextField.swift */ = {isa = PBXFileReference; lastKnownFileType = sourcecode.swift; path = CustomTextField.swift; sourceTree = "<group>"; };
		6A71652C2689DEF7000038E5 /* SearchFilterViewController.swift */ = {isa = PBXFileReference; lastKnownFileType = sourcecode.swift; path = SearchFilterViewController.swift; sourceTree = "<group>"; };

		AF8D08562687014F00C7D1EA /* CustomButton.swift */ = {isa = PBXFileReference; lastKnownFileType = sourcecode.swift; path = CustomButton.swift; sourceTree = "<group>"; };
		AF8D085A2687021800C7D1EA /* UIColor+Extension.swift */ = {isa = PBXFileReference; lastKnownFileType = sourcecode.swift; path = "UIColor+Extension.swift"; sourceTree = "<group>"; };
		AFF4A86B26863D1C0018111B /* Foursquare.app */ = {isa = PBXFileReference; explicitFileType = wrapper.application; includeInIndex = 0; path = Foursquare.app; sourceTree = BUILT_PRODUCTS_DIR; };
		AFF4A86E26863D1C0018111B /* AppDelegate.swift */ = {isa = PBXFileReference; lastKnownFileType = sourcecode.swift; path = AppDelegate.swift; sourceTree = "<group>"; };
		AFF4A87026863D1C0018111B /* SceneDelegate.swift */ = {isa = PBXFileReference; lastKnownFileType = sourcecode.swift; path = SceneDelegate.swift; sourceTree = "<group>"; };
		AFF4A87226863D1C0018111B /* ViewController.swift */ = {isa = PBXFileReference; lastKnownFileType = sourcecode.swift; path = ViewController.swift; sourceTree = "<group>"; };
		AFF4A87526863D1C0018111B /* Base */ = {isa = PBXFileReference; lastKnownFileType = file.storyboard; name = Base; path = Base.lproj/Main.storyboard; sourceTree = "<group>"; };
		AFF4A87726863D1E0018111B /* Assets.xcassets */ = {isa = PBXFileReference; lastKnownFileType = folder.assetcatalog; path = Assets.xcassets; sourceTree = "<group>"; };
		AFF4A87A26863D1E0018111B /* Base */ = {isa = PBXFileReference; lastKnownFileType = file.storyboard; name = Base; path = Base.lproj/LaunchScreen.storyboard; sourceTree = "<group>"; };
		AFF4A87C26863D1E0018111B /* Info.plist */ = {isa = PBXFileReference; lastKnownFileType = text.plist.xml; path = Info.plist; sourceTree = "<group>"; };
		AFF4A887268641430018111B /* ForgotPasswordViewController.swift */ = {isa = PBXFileReference; lastKnownFileType = sourcecode.swift; path = ForgotPasswordViewController.swift; sourceTree = "<group>"; };
		AFF4A88F268643AA0018111B /* CustomBackgroundForView.swift */ = {isa = PBXFileReference; lastKnownFileType = sourcecode.swift; path = CustomBackgroundForView.swift; sourceTree = "<group>"; };
/* End PBXFileReference section */

/* Begin PBXFrameworksBuildPhase section */
		AFF4A86826863D1C0018111B /* Frameworks */ = {
			isa = PBXFrameworksBuildPhase;
			buildActionMask = 2147483647;
			files = (
			);
			runOnlyForDeploymentPostprocessing = 0;
		};
/* End PBXFrameworksBuildPhase section */

/* Begin PBXGroup section */
		AF86E37D268990CA00FFE450 /* Home page */ = {
			isa = PBXGroup;
			children = (
				AF86E3832689911500FFE450 /* HomePageCollectionViewCell.swift */,
				AF86E3862689913400FFE450 /* HomePageCollectionViewController.swift */,
				AF86E38A2689973700FFE450 /* HomePageViewController.swift */,
				AF6D241E268A3C3800103807 /* NearYouViewController.swift */,
				AF6D2421268A3C4900103807 /* PopularViewController.swift */,
				AF6D2424268A4B7300103807 /* NearYouTableViewCell.swift */,
			);
			path = "Home page";
			sourceTree = "<group>";
		};
		AF8D0859268701F000C7D1EA /* Extension */ = {
			isa = PBXGroup;
			children = (
				AF8D085A2687021800C7D1EA /* UIColor+Extension.swift */,
			);
			path = Extension;
			sourceTree = "<group>";
		};
		AFF4A86226863D1C0018111B = {
			isa = PBXGroup;
			children = (
				AFF4A86D26863D1C0018111B /* Foursquare */,
				AFF4A86C26863D1C0018111B /* Products */,
			);
			sourceTree = "<group>";
		};
		AFF4A86C26863D1C0018111B /* Products */ = {
			isa = PBXGroup;
			children = (
				AFF4A86B26863D1C0018111B /* Foursquare.app */,
			);
			name = Products;
			sourceTree = "<group>";
		};
		AFF4A86D26863D1C0018111B /* Foursquare */ = {
			isa = PBXGroup;
			children = (
				AF86E37D268990CA00FFE450 /* Home page */,
				AF8D0859268701F000C7D1EA /* Extension */,
				AFF4A88A268642050018111B /* Custom Class */,
				AFF4A86E26863D1C0018111B /* AppDelegate.swift */,
				AFF4A87026863D1C0018111B /* SceneDelegate.swift */,
				AFF4A87226863D1C0018111B /* ViewController.swift */,
				6A37067F2686EEED00B494B2 /* LoginViewController.swift */,
				AFF4A87426863D1C0018111B /* Main.storyboard */,
				6A6864F9268A1702002CAAF4 /* UIViewController+Extension.swift */,
				6A71652C2689DEF7000038E5 /* SearchFilterViewController.swift */,
				6A7165242689AD5F000038E5 /* SearchViewController.swift */,
				AFF4A87726863D1E0018111B /* Assets.xcassets */,
				AFF4A87926863D1E0018111B /* LaunchScreen.storyboard */,
				AFF4A87C26863D1E0018111B /* Info.plist */,

				6A7165282689B1FD000038E5 /* CustomTextField.swift */,
				AFF4A88426863F6A0018111B /* HomePageViewController.swift */,
 
				AFF4A887268641430018111B /* ForgotPasswordViewController.swift */,
				AF6D2418268A1BBB00103807 /* Constants.swift */,
			);
			path = Foursquare;
			sourceTree = "<group>";
		};
		AFF4A88A268642050018111B /* Custom Class */ = {
			isa = PBXGroup;
			children = (
				AFF4A88F268643AA0018111B /* CustomBackgroundForView.swift */,
				AF8D08562687014F00C7D1EA /* CustomButton.swift */,
				AF6D241B268A328C00103807 /* CustomButtonForCollectionViewOptions.swift */,
			);
			path = "Custom Class";
			sourceTree = "<group>";
		};
/* End PBXGroup section */

/* Begin PBXNativeTarget section */
		AFF4A86A26863D1C0018111B /* Foursquare */ = {
			isa = PBXNativeTarget;
			buildConfigurationList = AFF4A87F26863D1E0018111B /* Build configuration list for PBXNativeTarget "Foursquare" */;
			buildPhases = (
				AFF4A86726863D1C0018111B /* Sources */,
				AFF4A86826863D1C0018111B /* Frameworks */,
				AFF4A86926863D1C0018111B /* Resources */,
			);
			buildRules = (
			);
			dependencies = (
			);
			name = Foursquare;
			productName = Foursquare;
			productReference = AFF4A86B26863D1C0018111B /* Foursquare.app */;
			productType = "com.apple.product-type.application";
		};
/* End PBXNativeTarget section */

/* Begin PBXProject section */
		AFF4A86326863D1C0018111B /* Project object */ = {
			isa = PBXProject;
			attributes = {
				LastSwiftUpdateCheck = 1240;
				LastUpgradeCheck = 1240;
				TargetAttributes = {
					AFF4A86A26863D1C0018111B = {
						CreatedOnToolsVersion = 12.4;
					};
				};
			};
			buildConfigurationList = AFF4A86626863D1C0018111B /* Build configuration list for PBXProject "Foursquare" */;
			compatibilityVersion = "Xcode 9.3";
			developmentRegion = en;
			hasScannedForEncodings = 0;
			knownRegions = (
				en,
				Base,
			);
			mainGroup = AFF4A86226863D1C0018111B;
			productRefGroup = AFF4A86C26863D1C0018111B /* Products */;
			projectDirPath = "";
			projectRoot = "";
			targets = (
				AFF4A86A26863D1C0018111B /* Foursquare */,
			);
		};
/* End PBXProject section */

/* Begin PBXResourcesBuildPhase section */
		AFF4A86926863D1C0018111B /* Resources */ = {
			isa = PBXResourcesBuildPhase;
			buildActionMask = 2147483647;
			files = (
				AFF4A87B26863D1E0018111B /* LaunchScreen.storyboard in Resources */,
				AFF4A87826863D1E0018111B /* Assets.xcassets in Resources */,
				AFF4A87626863D1C0018111B /* Main.storyboard in Resources */,
			);
			runOnlyForDeploymentPostprocessing = 0;
		};
/* End PBXResourcesBuildPhase section */

/* Begin PBXSourcesBuildPhase section */
		AFF4A86726863D1C0018111B /* Sources */ = {
			isa = PBXSourcesBuildPhase;
			buildActionMask = 2147483647;
			files = (
				6A7165292689B1FD000038E5 /* CustomTextField.swift in Sources */,
				6A6864FA268A1702002CAAF4 /* UIViewController+Extension.swift in Sources */,
				6A3706802686EEED00B494B2 /* LoginViewController.swift in Sources */,

				6A7165252689AD5F000038E5 /* SearchViewController.swift in Sources */,
				AFF4A88526863F6A0018111B /* HomePageViewController.swift in Sources */,
				6A71652D2689DEF7000038E5 /* SearchFilterViewController.swift in Sources */,
 
				AFF4A888268641430018111B /* ForgotPasswordViewController.swift in Sources */,
				AF8D085B2687021800C7D1EA /* UIColor+Extension.swift in Sources */,
				AF86E3872689913400FFE450 /* HomePageCollectionViewController.swift in Sources */,
				AF6D241F268A3C3800103807 /* NearYouViewController.swift in Sources */,
				AFF4A87326863D1C0018111B /* ViewController.swift in Sources */,
				AF6D2422268A3C4900103807 /* PopularViewController.swift in Sources */,
				AF8D08572687014F00C7D1EA /* CustomButton.swift in Sources */,
				AF6D241C268A328C00103807 /* CustomButtonForCollectionViewOptions.swift in Sources */,
				AFF4A890268643AA0018111B /* CustomBackgroundForView.swift in Sources */,
				AF86E38B2689973700FFE450 /* HomePageViewController.swift in Sources */,
				AF6D2425268A4B7300103807 /* NearYouTableViewCell.swift in Sources */,
				AFF4A86F26863D1C0018111B /* AppDelegate.swift in Sources */,
				AF86E3842689911500FFE450 /* HomePageCollectionViewCell.swift in Sources */,
				AFF4A87126863D1C0018111B /* SceneDelegate.swift in Sources */,
				AF6D2419268A1BBB00103807 /* Constants.swift in Sources */,
			);
			runOnlyForDeploymentPostprocessing = 0;
		};
/* End PBXSourcesBuildPhase section */

/* Begin PBXVariantGroup section */
		AFF4A87426863D1C0018111B /* Main.storyboard */ = {
			isa = PBXVariantGroup;
			children = (
				AFF4A87526863D1C0018111B /* Base */,
			);
			name = Main.storyboard;
			sourceTree = "<group>";
		};
		AFF4A87926863D1E0018111B /* LaunchScreen.storyboard */ = {
			isa = PBXVariantGroup;
			children = (
				AFF4A87A26863D1E0018111B /* Base */,
			);
			name = LaunchScreen.storyboard;
			sourceTree = "<group>";
		};
/* End PBXVariantGroup section */

/* Begin XCBuildConfiguration section */
		AFF4A87D26863D1E0018111B /* Debug */ = {
			isa = XCBuildConfiguration;
			buildSettings = {
				ALWAYS_SEARCH_USER_PATHS = NO;
				CLANG_ANALYZER_NONNULL = YES;
				CLANG_ANALYZER_NUMBER_OBJECT_CONVERSION = YES_AGGRESSIVE;
				CLANG_CXX_LANGUAGE_STANDARD = "gnu++14";
				CLANG_CXX_LIBRARY = "libc++";
				CLANG_ENABLE_MODULES = YES;
				CLANG_ENABLE_OBJC_ARC = YES;
				CLANG_ENABLE_OBJC_WEAK = YES;
				CLANG_WARN_BLOCK_CAPTURE_AUTORELEASING = YES;
				CLANG_WARN_BOOL_CONVERSION = YES;
				CLANG_WARN_COMMA = YES;
				CLANG_WARN_CONSTANT_CONVERSION = YES;
				CLANG_WARN_DEPRECATED_OBJC_IMPLEMENTATIONS = YES;
				CLANG_WARN_DIRECT_OBJC_ISA_USAGE = YES_ERROR;
				CLANG_WARN_DOCUMENTATION_COMMENTS = YES;
				CLANG_WARN_EMPTY_BODY = YES;
				CLANG_WARN_ENUM_CONVERSION = YES;
				CLANG_WARN_INFINITE_RECURSION = YES;
				CLANG_WARN_INT_CONVERSION = YES;
				CLANG_WARN_NON_LITERAL_NULL_CONVERSION = YES;
				CLANG_WARN_OBJC_IMPLICIT_RETAIN_SELF = YES;
				CLANG_WARN_OBJC_LITERAL_CONVERSION = YES;
				CLANG_WARN_OBJC_ROOT_CLASS = YES_ERROR;
				CLANG_WARN_QUOTED_INCLUDE_IN_FRAMEWORK_HEADER = YES;
				CLANG_WARN_RANGE_LOOP_ANALYSIS = YES;
				CLANG_WARN_STRICT_PROTOTYPES = YES;
				CLANG_WARN_SUSPICIOUS_MOVE = YES;
				CLANG_WARN_UNGUARDED_AVAILABILITY = YES_AGGRESSIVE;
				CLANG_WARN_UNREACHABLE_CODE = YES;
				CLANG_WARN__DUPLICATE_METHOD_MATCH = YES;
				COPY_PHASE_STRIP = NO;
				DEBUG_INFORMATION_FORMAT = dwarf;
				ENABLE_STRICT_OBJC_MSGSEND = YES;
				ENABLE_TESTABILITY = YES;
				GCC_C_LANGUAGE_STANDARD = gnu11;
				GCC_DYNAMIC_NO_PIC = NO;
				GCC_NO_COMMON_BLOCKS = YES;
				GCC_OPTIMIZATION_LEVEL = 0;
				GCC_PREPROCESSOR_DEFINITIONS = (
					"DEBUG=1",
					"$(inherited)",
				);
				GCC_WARN_64_TO_32_BIT_CONVERSION = YES;
				GCC_WARN_ABOUT_RETURN_TYPE = YES_ERROR;
				GCC_WARN_UNDECLARED_SELECTOR = YES;
				GCC_WARN_UNINITIALIZED_AUTOS = YES_AGGRESSIVE;
				GCC_WARN_UNUSED_FUNCTION = YES;
				GCC_WARN_UNUSED_VARIABLE = YES;
				IPHONEOS_DEPLOYMENT_TARGET = 14.4;
				MTL_ENABLE_DEBUG_INFO = INCLUDE_SOURCE;
				MTL_FAST_MATH = YES;
				ONLY_ACTIVE_ARCH = YES;
				SDKROOT = iphoneos;
				SWIFT_ACTIVE_COMPILATION_CONDITIONS = DEBUG;
				SWIFT_OPTIMIZATION_LEVEL = "-Onone";
			};
			name = Debug;
		};
		AFF4A87E26863D1E0018111B /* Release */ = {
			isa = XCBuildConfiguration;
			buildSettings = {
				ALWAYS_SEARCH_USER_PATHS = NO;
				CLANG_ANALYZER_NONNULL = YES;
				CLANG_ANALYZER_NUMBER_OBJECT_CONVERSION = YES_AGGRESSIVE;
				CLANG_CXX_LANGUAGE_STANDARD = "gnu++14";
				CLANG_CXX_LIBRARY = "libc++";
				CLANG_ENABLE_MODULES = YES;
				CLANG_ENABLE_OBJC_ARC = YES;
				CLANG_ENABLE_OBJC_WEAK = YES;
				CLANG_WARN_BLOCK_CAPTURE_AUTORELEASING = YES;
				CLANG_WARN_BOOL_CONVERSION = YES;
				CLANG_WARN_COMMA = YES;
				CLANG_WARN_CONSTANT_CONVERSION = YES;
				CLANG_WARN_DEPRECATED_OBJC_IMPLEMENTATIONS = YES;
				CLANG_WARN_DIRECT_OBJC_ISA_USAGE = YES_ERROR;
				CLANG_WARN_DOCUMENTATION_COMMENTS = YES;
				CLANG_WARN_EMPTY_BODY = YES;
				CLANG_WARN_ENUM_CONVERSION = YES;
				CLANG_WARN_INFINITE_RECURSION = YES;
				CLANG_WARN_INT_CONVERSION = YES;
				CLANG_WARN_NON_LITERAL_NULL_CONVERSION = YES;
				CLANG_WARN_OBJC_IMPLICIT_RETAIN_SELF = YES;
				CLANG_WARN_OBJC_LITERAL_CONVERSION = YES;
				CLANG_WARN_OBJC_ROOT_CLASS = YES_ERROR;
				CLANG_WARN_QUOTED_INCLUDE_IN_FRAMEWORK_HEADER = YES;
				CLANG_WARN_RANGE_LOOP_ANALYSIS = YES;
				CLANG_WARN_STRICT_PROTOTYPES = YES;
				CLANG_WARN_SUSPICIOUS_MOVE = YES;
				CLANG_WARN_UNGUARDED_AVAILABILITY = YES_AGGRESSIVE;
				CLANG_WARN_UNREACHABLE_CODE = YES;
				CLANG_WARN__DUPLICATE_METHOD_MATCH = YES;
				COPY_PHASE_STRIP = NO;
				DEBUG_INFORMATION_FORMAT = "dwarf-with-dsym";
				ENABLE_NS_ASSERTIONS = NO;
				ENABLE_STRICT_OBJC_MSGSEND = YES;
				GCC_C_LANGUAGE_STANDARD = gnu11;
				GCC_NO_COMMON_BLOCKS = YES;
				GCC_WARN_64_TO_32_BIT_CONVERSION = YES;
				GCC_WARN_ABOUT_RETURN_TYPE = YES_ERROR;
				GCC_WARN_UNDECLARED_SELECTOR = YES;
				GCC_WARN_UNINITIALIZED_AUTOS = YES_AGGRESSIVE;
				GCC_WARN_UNUSED_FUNCTION = YES;
				GCC_WARN_UNUSED_VARIABLE = YES;
				IPHONEOS_DEPLOYMENT_TARGET = 14.4;
				MTL_ENABLE_DEBUG_INFO = NO;
				MTL_FAST_MATH = YES;
				SDKROOT = iphoneos;
				SWIFT_COMPILATION_MODE = wholemodule;
				SWIFT_OPTIMIZATION_LEVEL = "-O";
				VALIDATE_PRODUCT = YES;
			};
			name = Release;
		};
		AFF4A88026863D1E0018111B /* Debug */ = {
			isa = XCBuildConfiguration;
			buildSettings = {
				ASSETCATALOG_COMPILER_APPICON_NAME = AppIcon;
				ASSETCATALOG_COMPILER_GLOBAL_ACCENT_COLOR_NAME = AccentColor;
				CODE_SIGN_STYLE = Automatic;
				INFOPLIST_FILE = Foursquare/Info.plist;
				IPHONEOS_DEPLOYMENT_TARGET = 14.1;
				LD_RUNPATH_SEARCH_PATHS = (
					"$(inherited)",
					"@executable_path/Frameworks",
				);
				PRODUCT_BUNDLE_IDENTIFIER = Foursquare.Foursquare;
				PRODUCT_NAME = "$(TARGET_NAME)";
				SWIFT_VERSION = 5.0;
				TARGETED_DEVICE_FAMILY = "1,2";
			};
			name = Debug;
		};
		AFF4A88126863D1E0018111B /* Release */ = {
			isa = XCBuildConfiguration;
			buildSettings = {
				ASSETCATALOG_COMPILER_APPICON_NAME = AppIcon;
				ASSETCATALOG_COMPILER_GLOBAL_ACCENT_COLOR_NAME = AccentColor;
				CODE_SIGN_STYLE = Automatic;
				INFOPLIST_FILE = Foursquare/Info.plist;
				IPHONEOS_DEPLOYMENT_TARGET = 14.1;
				LD_RUNPATH_SEARCH_PATHS = (
					"$(inherited)",
					"@executable_path/Frameworks",
				);
				PRODUCT_BUNDLE_IDENTIFIER = Foursquare.Foursquare;
				PRODUCT_NAME = "$(TARGET_NAME)";
				SWIFT_VERSION = 5.0;
				TARGETED_DEVICE_FAMILY = "1,2";
			};
			name = Release;
		};
/* End XCBuildConfiguration section */

/* Begin XCConfigurationList section */
		AFF4A86626863D1C0018111B /* Build configuration list for PBXProject "Foursquare" */ = {
			isa = XCConfigurationList;
			buildConfigurations = (
				AFF4A87D26863D1E0018111B /* Debug */,
				AFF4A87E26863D1E0018111B /* Release */,
			);
			defaultConfigurationIsVisible = 0;
			defaultConfigurationName = Release;
		};
		AFF4A87F26863D1E0018111B /* Build configuration list for PBXNativeTarget "Foursquare" */ = {
			isa = XCConfigurationList;
			buildConfigurations = (
				AFF4A88026863D1E0018111B /* Debug */,
				AFF4A88126863D1E0018111B /* Release */,
			);
			defaultConfigurationIsVisible = 0;
			defaultConfigurationName = Release;
		};
/* End XCConfigurationList section */
	};
	rootObject = AFF4A86326863D1C0018111B /* Project object */;
}
